
Microsoft Visual Studio Solution File, Format Version 12.00
# Visual Studio Version 17
VisualStudioVersion = 17.14.37710.0 d17.14
MinimumVisualStudioVersion = 10.0.40219.1
Project("{FAE04EC0-301F-11D3-BF4B-00C04F79EFBC}") = "2026-09-20-user-interface", "2026-09-20-user-interface.csproj", "{3E374D55-51DF-4A50-88D9-B9771EAC621B}"
EndProject
Global
	GlobalSection(SolutionConfigurationPlatforms) = preSolution
		Debug|Any CPU = Debug|Any CPU
		Release|Any CPU = Release|Any CPU
	EndGlobalSection
	GlobalSection(ProjectConfigurationPlatforms) = postSolution
		{3E374D55-51DF-4A50-88D9-B9771EAC621B}.Debug|Any CPU.ActiveCfg = Debug|Any CPU
		{3E374D55-51DF-4A50-88D9-B9771EAC621B}.Debug|Any CPU.Build.0 = Debug|Any CPU
		{3E374D55-51DF-4A50-88D9-B9771EAC621B}.Release|Any CPU.ActiveCfg = Release|Any CPU
		{3E374D55-51DF-4A50-88D9-B9771EAC621B}.Release|Any CPU.Build.0 = Release|Any CPU
	EndGlobalSection
	GlobalSection(SolutionProperties) = preSolution
		HideSolutionNode = FALSE
	EndGlobalSection
	GlobalSection(ExtensibilityGlobals) = postSolution
		SolutionGuid = {BFAFD08D-E273-42A0-8C68-3413B015683C}
	EndGlobalSection
EndGlobal
