
Microsoft Visual Studio Solution File, Format Version 12.00
# Visual Studio Version 17
VisualStudioVersion = 17.14.37710.0 d17.14
MinimumVisualStudioVersion = 10.0.40219.1
Project("{FAE04EC0-301F-11D3-BF4B-00C04F79EFBC}") = "2026-09-20-visual-development", "2026-09-20-visual-development.csproj", "{68068BFD-EE2C-4396-9E4C-534E8CA8ADAE}"
EndProject
Global
	GlobalSection(SolutionConfigurationPlatforms) = preSolution
		Debug|Any CPU = Debug|Any CPU
		Release|Any CPU = Release|Any CPU
	EndGlobalSection
	GlobalSection(ProjectConfigurationPlatforms) = postSolution
		{68068BFD-EE2C-4396-9E4C-534E8CA8ADAE}.Debug|Any CPU.ActiveCfg = Debug|Any CPU
		{68068BFD-EE2C-4396-9E4C-534E8CA8ADAE}.Debug|Any CPU.Build.0 = Debug|Any CPU
		{68068BFD-EE2C-4396-9E4C-534E8CA8ADAE}.Release|Any CPU.ActiveCfg = Release|Any CPU
		{68068BFD-EE2C-4396-9E4C-534E8CA8ADAE}.Release|Any CPU.Build.0 = Release|Any CPU
	EndGlobalSection
	GlobalSection(SolutionProperties) = preSolution
		HideSolutionNode = FALSE
	EndGlobalSection
	GlobalSection(ExtensibilityGlobals) = postSolution
		SolutionGuid = {2DC2C445-F48B-4C08-AD10-68611DEBC1F1}
	EndGlobalSection
EndGlobal
